
Microsoft Visual Studio Solution File, Format Version 12.00
# Visual Studio 15
VisualStudioVersion = 15.0.27130.2036
MinimumVisualStudioVersion = 10.0.40219.1
Project("{FAE04EC0-301F-11D3-BF4B-00C04F79EFBC}") = "PresentationLayer", "Epam.Ismaylova.Task3\PresentationLayer.csproj", "{40712A58-4D1A-4C7C-AEB1-67938577FF45}"
EndProject
Project("{FAE04EC0-301F-11D3-BF4B-00C04F79EFBC}") = "DAL", "DAL\DAL.csproj", "{D5D7D71B-11C3-4D5C-9298-A0078222EF06}"
EndProject
Project("{2150E333-8FDC-42A3-9474-1A3956D46DE8}") = "PL", "PL", "{924747BA-ABFF-48E7-A7B7-12EFC8C1C5BB}"
EndProject
Project("{2150E333-8FDC-42A3-9474-1A3956D46DE8}") = "DataAccessLayer", "DataAccessLayer", "{38D4D489-6451-40D2-9F2B-FF09292ADD3E}"
EndProject
Project("{2150E333-8FDC-42A3-9474-1A3956D46DE8}") = "BLL", "BLL", "{EC6A8BC2-2E1E-42E0-9087-E2E20389EEF3}"
EndProject
Project("{FAE04EC0-301F-11D3-BF4B-00C04F79EFBC}") = "BL", "BL\BL.csproj", "{D2A7E679-2674-4205-B741-32CAD94D9F6F}"
EndProject
Project("{FAE04EC0-301F-11D3-BF4B-00C04F79EFBC}") = "BL.Interface", "BL.Interface\BL.Interface.csproj", "{873F8F68-F570-4EDD-A225-94FF66D0709C}"
EndProject
Project("{2150E333-8FDC-42A3-9474-1A3956D46DE8}") = "COMMON", "COMMON", "{5436F8F4-6A31-4CD6-92A8-E09C7B65C6C4}"
EndProject
Project("{FAE04EC0-301F-11D3-BF4B-00C04F79EFBC}") = "Entities", "Entities\Entities.csproj", "{15441D2B-F471-432C-9F42-9DEAF4DF9231}"
EndProject
Project("{FAE04EC0-301F-11D3-BF4B-00C04F79EFBC}") = "DAL.Interface", "DAL.Interface\DAL.Interface.csproj", "{9671792B-3B8C-4BD5-A4BC-1952727B89B9}"
EndProject
Global
	GlobalSection(SolutionConfigurationPlatforms) = preSolution
		Debug|Any CPU = Debug|Any CPU
		Release|Any CPU = Release|Any CPU
	EndGlobalSection
	GlobalSection(ProjectConfigurationPlatforms) = postSolution
		{40712A58-4D1A-4C7C-AEB1-67938577FF45}.Debug|Any CPU.ActiveCfg = Debug|Any CPU
		{40712A58-4D1A-4C7C-AEB1-67938577FF45}.Debug|Any CPU.Build.0 = Debug|Any CPU
		{40712A58-4D1A-4C7C-AEB1-67938577FF45}.Release|Any CPU.ActiveCfg = Release|Any CPU
		{40712A58-4D1A-4C7C-AEB1-67938577FF45}.Release|Any CPU.Build.0 = Release|Any CPU
		{D5D7D71B-11C3-4D5C-9298-A0078222EF06}.Debug|Any CPU.ActiveCfg = Debug|Any CPU
		{D5D7D71B-11C3-4D5C-9298-A0078222EF06}.Debug|Any CPU.Build.0 = Debug|Any CPU
		{D5D7D71B-11C3-4D5C-9298-A0078222EF06}.Release|Any CPU.ActiveCfg = Release|Any CPU
		{D5D7D71B-11C3-4D5C-9298-A0078222EF06}.Release|Any CPU.Build.0 = Release|Any CPU
		{D2A7E679-2674-4205-B741-32CAD94D9F6F}.Debug|Any CPU.ActiveCfg = Debug|Any CPU
		{D2A7E679-2674-4205-B741-32CAD94D9F6F}.Debug|Any CPU.Build.0 = Debug|Any CPU
		{D2A7E679-2674-4205-B741-32CAD94D9F6F}.Release|Any CPU.ActiveCfg = Release|Any CPU
		{D2A7E679-2674-4205-B741-32CAD94D9F6F}.Release|Any CPU.Build.0 = Release|Any CPU
		{873F8F68-F570-4EDD-A225-94FF66D0709C}.Debug|Any CPU.ActiveCfg = Debug|Any CPU
		{873F8F68-F570-4EDD-A225-94FF66D0709C}.Debug|Any CPU.Build.0 = Debug|Any CPU
		{873F8F68-F570-4EDD-A225-94FF66D0709C}.Release|Any CPU.ActiveCfg = Release|Any CPU
		{873F8F68-F570-4EDD-A225-94FF66D0709C}.Release|Any CPU.Build.0 = Release|Any CPU
		{15441D2B-F471-432C-9F42-9DEAF4DF9231}.Debug|Any CPU.ActiveCfg = Debug|Any CPU
		{15441D2B-F471-432C-9F42-9DEAF4DF9231}.Debug|Any CPU.Build.0 = Debug|Any CPU
		{15441D2B-F471-432C-9F42-9DEAF4DF9231}.Release|Any CPU.ActiveCfg = Release|Any CPU
		{15441D2B-F471-432C-9F42-9DEAF4DF9231}.Release|Any CPU.Build.0 = Release|Any CPU
		{9671792B-3B8C-4BD5-A4BC-1952727B89B9}.Debug|Any CPU.ActiveCfg = Debug|Any CPU
		{9671792B-3B8C-4BD5-A4BC-1952727B89B9}.Debug|Any CPU.Build.0 = Debug|Any CPU
		{9671792B-3B8C-4BD5-A4BC-1952727B89B9}.Release|Any CPU.ActiveCfg = Release|Any CPU
		{9671792B-3B8C-4BD5-A4BC-1952727B89B9}.Release|Any CPU.Build.0 = Release|Any CPU
	EndGlobalSection
	GlobalSection(SolutionProperties) = preSolution
		HideSolutionNode = FALSE
	EndGlobalSection
	GlobalSection(NestedProjects) = preSolution
		{40712A58-4D1A-4C7C-AEB1-67938577FF45} = {924747BA-ABFF-48E7-A7B7-12EFC8C1C5BB}
		{D5D7D71B-11C3-4D5C-9298-A0078222EF06} = {38D4D489-6451-40D2-9F2B-FF09292ADD3E}
		{D2A7E679-2674-4205-B741-32CAD94D9F6F} = {EC6A8BC2-2E1E-42E0-9087-E2E20389EEF3}
		{873F8F68-F570-4EDD-A225-94FF66D0709C} = {EC6A8BC2-2E1E-42E0-9087-E2E20389EEF3}
		{15441D2B-F471-432C-9F42-9DEAF4DF9231} = {5436F8F4-6A31-4CD6-92A8-E09C7B65C6C4}
		{9671792B-3B8C-4BD5-A4BC-1952727B89B9} = {38D4D489-6451-40D2-9F2B-FF09292ADD3E}
	EndGlobalSection
	GlobalSection(ExtensibilityGlobals) = postSolution
		SolutionGuid = {01B1AFF5-DFB1-423C-84BB-89B46CB8C2B8}
	EndGlobalSection
EndGlobal
